// !$*UTF8*$!
{
	archiveVersion = 1;
	classes = {
	};
	objectVersion = 50;
	objects = {

/* Begin PBXBuildFile section */
		53F37DCF207BBC4A0038D0FC /* AppDelegate.swift in Sources */ = {isa = PBXBuildFile; fileRef = 53F37DCE207BBC4A0038D0FC /* AppDelegate.swift */; };
		53F37DD1207BBC4A0038D0FC /* ViewController.swift in Sources */ = {isa = PBXBuildFile; fileRef = 53F37DD0207BBC4A0038D0FC /* ViewController.swift */; };
		53F37DD4207BBC4A0038D0FC /* Main.storyboard in Resources */ = {isa = PBXBuildFile; fileRef = 53F37DD2207BBC4A0038D0FC /* Main.storyboard */; };
		53F37DD6207BBC4B0038D0FC /* Assets.xcassets in Resources */ = {isa = PBXBuildFile; fileRef = 53F37DD5207BBC4B0038D0FC /* Assets.xcassets */; };
		53F37DD9207BBC4B0038D0FC /* LaunchScreen.storyboard in Resources */ = {isa = PBXBuildFile; fileRef = 53F37DD7207BBC4B0038D0FC /* LaunchScreen.storyboard */; };
		53F37DE1207BC1740038D0FC /* UIStackView+Extension.swift in Sources */ = {isa = PBXBuildFile; fileRef = 53F37DE0207BC1740038D0FC /* UIStackView+Extension.swift */; };
/* End PBXBuildFile section */

/* Begin PBXFileReference section */
		53F37DCB207BBC4A0038D0FC /* Challenge8-3.app */ = {isa = PBXFileReference; explicitFileType = wrapper.application; includeInIndex = 0; path = "Challenge8-3.app"; sourceTree = BUILT_PRODUCTS_DIR; };
		53F37DCE207BBC4A0038D0FC /* AppDelegate.swift */ = {isa = PBXFileReference; lastKnownFileType = sourcecode.swift; path = AppDelegate.swift; sourceTree = "<group>"; };
		53F37DD0207BBC4A0038D0FC /* ViewController.swift */ = {isa = PBXFileReference; lastKnownFileType = sourcecode.swift; path = ViewController.swift; sourceTree = "<group>"; };
		53F37DD3207BBC4A0038D0FC /* Base */ = {isa = PBXFileReference; lastKnownFileType = file.storyboard; name = Base; path = Base.lproj/Main.storyboard; sourceTree = "<group>"; };
		53F37DD5207BBC4B0038D0FC /* Assets.xcassets */ = {isa = PBXFileReference; lastKnownFileType = folder.assetcatalog; path = Assets.xcassets; sourceTree = "<group>"; };
		53F37DD8207BBC4B0038D0FC /* Base */ = {isa = PBXFileReference; lastKnownFileType = file.storyboard; name = Base; path = Base.lproj/LaunchScreen.storyboard; sourceTree = "<group>"; };
		53F37DDA207BBC4B0038D0FC /* Info.plist */ = {isa = PBXFileReference; lastKnownFileType = text.plist.xml; path = Info.plist; sourceTree = "<group>"; };
		53F37DE0207BC1740038D0FC /* UIStackView+Extension.swift */ = {isa = PBXFileReference; lastKnownFileType = sourcecode.swift; path = "UIStackView+Extension.swift"; sourceTree = "<group>"; };
/* End PBXFileReference section */

/* Begin PBXFrameworksBuildPhase section */
		53F37DC8207BBC4A0038D0FC /* Frameworks */ = {
			isa = PBXFrameworksBuildPhase;
			buildActionMask = 2147483647;
			files = (
			);
			runOnlyForDeploymentPostprocessing = 0;
		};
/* End PBXFrameworksBuildPhase section */

/* Begin PBXGroup section */
		53F37DC2207BBC4A0038D0FC = {
			isa = PBXGroup;
			children = (
				53F37DCD207BBC4A0038D0FC /* Challenge8-3 */,
				53F37DCC207BBC4A0038D0FC /* Products */,
			);
			sourceTree = "<group>";
		};
		53F37DCC207BBC4A0038D0FC /* Products */ = {
			isa = PBXGroup;
			children = (
				53F37DCB207BBC4A0038D0FC /* Challenge8-3.app */,
			);
			name = Products;
			sourceTree = "<group>";
		};
		53F37DCD207BBC4A0038D0FC /* Challenge8-3 */ = {
			isa = PBXGroup;
			children = (
				53F37DE0207BC1740038D0FC /* UIStackView+Extension.swift */,
				53F37DCE207BBC4A0038D0FC /* AppDelegate.swift */,
				53F37DD0207BBC4A0038D0FC /* ViewController.swift */,
				53F37DD2207BBC4A0038D0FC /* Main.storyboard */,
				53F37DD5207BBC4B0038D0FC /* Assets.xcassets */,
				53F37DD7207BBC4B0038D0FC /* LaunchScreen.storyboard */,
				53F37DDA207BBC4B0038D0FC /* Info.plist */,
			);
			path = "Challenge8-3";
			sourceTree = "<group>";
		};
/* End PBXGroup section */

/* Begin PBXNativeTarget section */
		53F37DCA207BBC4A0038D0FC /* Challenge8-3 */ = {
			isa = PBXNativeTarget;
			buildConfigurationList = 53F37DDD207BBC4B0038D0FC /* Build configuration list for PBXNativeTarget "Challenge8-3" */;
			buildPhases = (
				53F37DC7207BBC4A0038D0FC /* Sources */,
				53F37DC8207BBC4A0038D0FC /* Frameworks */,
				53F37DC9207BBC4A0038D0FC /* Resources */,
			);
			buildRules = (
			);
			dependencies = (
			);
			name = "Challenge8-3";
			productName = "Challenge8-3";
			productReference = 53F37DCB207BBC4A0038D0FC /* Challenge8-3.app */;
			productType = "com.apple.product-type.application";
		};
/* End PBXNativeTarget section */

/* Begin PBXProject section */
		53F37DC3207BBC4A0038D0FC /* Project object */ = {
			isa = PBXProject;
			attributes = {
				LastSwiftUpdateCheck = 0930;
				LastUpgradeCheck = 0930;
				ORGANIZATIONNAME = "Keith Harrison";
				TargetAttributes = {
					53F37DCA207BBC4A0038D0FC = {
						CreatedOnToolsVersion = 9.3;
						LastSwiftMigration = 1020;
					};
				};
			};
			buildConfigurationList = 53F37DC6207BBC4A0038D0FC /* Build configuration list for PBXProject "Challenge8-3" */;
			compatibilityVersion = "Xcode 9.3";
			developmentRegion = en;
			hasScannedForEncodings = 0;
			knownRegions = (
				en,
				Base,
			);
			mainGroup = 53F37DC2207BBC4A0038D0FC;
			productRefGroup = 53F37DCC207BBC4A0038D0FC /* Products */;
			projectDirPath = "";
			projectRoot = "";
			targets = (
				53F37DCA207BBC4A0038D0FC /* Challenge8-3 */,
			);
		};
/* End PBXProject section */

/* Begin PBXResourcesBuildPhase section */
		53F37DC9207BBC4A0038D0FC /* Resources */ = {
			isa = PBXResourcesBuildPhase;
			buildActionMask = 2147483647;
			files = (
				53F37DD9207BBC4B0038D0FC /* LaunchScreen.storyboard in Resources */,
				53F37DD6207BBC4B0038D0FC /* Assets.xcassets in Resources */,
				53F37DD4207BBC4A0038D0FC /* Main.storyboard in Resources */,
			);
			runOnlyForDeploymentPostprocessing = 0;
		};
/* End PBXResourcesBuildPhase section */

/* Begin PBXSourcesBuildPhase section */
		53F37DC7207BBC4A0038D0FC /* Sources */ = {
			isa = PBXSourcesBuildPhase;
			buildActionMask = 2147483647;
			files = (
				53F37DD1207BBC4A0038D0FC /* ViewController.swift in Sources */,
				53F37DCF207BBC4A0038D0FC /* AppDelegate.swift in Sources */,
				53F37DE1207BC1740038D0FC /* UIStackView+Extension.swift in Sources */,
			);
			runOnlyForDeploymentPostprocessing = 0;
		};
/* End PBXSourcesBuildPhase section */

/* Begin PBXVariantGroup section */
		53F37DD2207BBC4A0038D0FC /* Main.storyboard */ = {
			isa = PBXVariantGroup;
			children = (
				53F37DD3207BBC4A0038D0FC /* Base */,
			);
			name = Main.storyboard;
			sourceTree = "<group>";
		};
		53F37DD7207BBC4B0038D0FC /* LaunchScreen.storyboard */ = {
			isa = PBXVariantGroup;
			children = (
				53F37DD8207BBC4B0038D0FC /* Base */,
			);
			name = LaunchScreen.storyboard;
			sourceTree = "<group>";
		};
/* End PBXVariantGroup section */

/* Begin XCBuildConfiguration section */
		53F37DDB207BBC4B0038D0FC /* Debug */ = {
			isa = XCBuildConfiguration;
			buildSettings = {
				ALWAYS_SEARCH_USER_PATHS = NO;
				CLANG_ANALYZER_NONNULL = YES;
				CLANG_ANALYZER_NUMBER_OBJECT_CONVERSION = YES_AGGRESSIVE;
				CLANG_CXX_LANGUAGE_STANDARD = "gnu++14";
				CLANG_CXX_LIBRARY = "libc++";
				CLANG_ENABLE_MODULES = YES;
				CLANG_ENABLE_OBJC_ARC = YES;
				CLANG_ENABLE_OBJC_WEAK = YES;
				CLANG_WARN_BLOCK_CAPTURE_AUTORELEASING = YES;
				CLANG_WARN_BOOL_CONVERSION = YES;
				CLANG_WARN_COMMA = YES;
				CLANG_WARN_CONSTANT_CONVERSION = YES;
				CLANG_WARN_DEPRECATED_OBJC_IMPLEMENTATIONS = YES;
				CLANG_WARN_DIRECT_OBJC_ISA_USAGE = YES_ERROR;
				CLANG_WARN_DOCUMENTATION_COMMENTS = YES;
				CLANG_WARN_EMPTY_BODY = YES;
				CLANG_WARN_ENUM_CONVERSION = YES;
				CLANG_WARN_INFINITE_RECURSION = YES;
				CLANG_WARN_INT_CONVERSION = YES;
				CLANG_WARN_NON_LITERAL_NULL_CONVERSION = YES;
				CLANG_WARN_OBJC_IMPLICIT_RETAIN_SELF = YES;
				CLANG_WARN_OBJC_LITERAL_CONVERSION = YES;
				CLANG_WARN_OBJC_ROOT_CLASS = YES_ERROR;
				CLANG_WARN_RANGE_LOOP_ANALYSIS = YES;
				CLANG_WARN_STRICT_PROTOTYPES = YES;
				CLANG_WARN_SUSPICIOUS_MOVE = YES;
				CLANG_WARN_UNGUARDED_AVAILABILITY = YES_AGGRESSIVE;
				CLANG_WARN_UNREACHABLE_CODE = YES;
				CLANG_WARN__DUPLICATE_METHOD_MATCH = YES;
				CODE_SIGN_IDENTITY = "iPhone Developer";
				COPY_PHASE_STRIP = NO;
				DEBUG_INFORMATION_FORMAT = dwarf;
				ENABLE_STRICT_OBJC_MSGSEND = YES;
				ENABLE_TESTABILITY = YES;
				GCC_C_LANGUAGE_STANDARD = gnu11;
				GCC_DYNAMIC_NO_PIC = NO;
				GCC_NO_COMMON_BLOCKS = YES;
				GCC_OPTIMIZATION_LEVEL = 0;
				GCC_PREPROCESSOR_DEFINITIONS = (
					"DEBUG=1",
					"$(inherited)",
				);
				GCC_WARN_64_TO_32_BIT_CONVERSION = YES;
				GCC_WARN_ABOUT_RETURN_TYPE = YES_ERROR;
				GCC_WARN_UNDECLARED_SELECTOR = YES;
				GCC_WARN_UNINITIALIZED_AUTOS = YES_AGGRESSIVE;
				GCC_WARN_UNUSED_FUNCTION = YES;
				GCC_WARN_UNUSED_VARIABLE = YES;
				IPHONEOS_DEPLOYMENT_TARGET = 11.3;
				MTL_ENABLE_DEBUG_INFO = YES;
				ONLY_ACTIVE_ARCH = YES;
				SDKROOT = iphoneos;
				SWIFT_ACTIVE_COMPILATION_CONDITIONS = DEBUG;
				SWIFT_OPTIMIZATION_LEVEL = "-Onone";
			};
			name = Debug;
		};
		53F37DDC207BBC4B0038D0FC /* Release */ = {
			isa = XCBuildConfiguration;
			buildSettings = {
				ALWAYS_SEARCH_USER_PATHS = NO;
				CLANG_ANALYZER_NONNULL = YES;
				CLANG_ANALYZER_NUMBER_OBJECT_CONVERSION = YES_AGGRESSIVE;
				CLANG_CXX_LANGUAGE_STANDARD = "gnu++14";
				CLANG_CXX_LIBRARY = "libc++";
				CLANG_ENABLE_MODULES = YES;
				CLANG_ENABLE_OBJC_ARC = YES;
				CLANG_ENABLE_OBJC_WEAK = YES;
				CLANG_WARN_BLOCK_CAPTURE_AUTORELEASING = YES;
				CLANG_WARN_BOOL_CONVERSION = YES;
				CLANG_WARN_COMMA = YES;
				CLANG_WARN_CONSTANT_CONVERSION = YES;
				CLANG_WARN_DEPRECATED_OBJC_IMPLEMENTATIONS = YES;
				CLANG_WARN_DIRECT_OBJC_ISA_USAGE = YES_ERROR;
				CLANG_WARN_DOCUMENTATION_COMMENTS = YES;
				CLANG_WARN_EMPTY_BODY = YES;
				CLANG_WARN_ENUM_CONVERSION = YES;
				CLANG_WARN_INFINITE_RECURSION = YES;
				CLANG_WARN_INT_CONVERSION = YES;
				CLANG_WARN_NON_LITERAL_NULL_CONVERSION = YES;
				CLANG_WARN_OBJC_IMPLICIT_RETAIN_SELF = YES;
				CLANG_WARN_OBJC_LITERAL_CONVERSION = YES;
				CLANG_WARN_OBJC_ROOT_CLASS = YES_ERROR;
				CLANG_WARN_RANGE_LOOP_ANALYSIS = YES;
				CLANG_WARN_STRICT_PROTOTYPES = YES;
				CLANG_WARN_SUSPICIOUS_MOVE = YES;
				CLANG_WARN_UNGUARDED_AVAILABILITY = YES_AGGRESSIVE;
				CLANG_WARN_UNREACHABLE_CODE = YES;
				CLANG_WARN__DUPLICATE_METHOD_MATCH = YES;
				CODE_SIGN_IDENTITY = "iPhone Developer";
				COPY_PHASE_STRIP = NO;
				DEBUG_INFORMATION_FORMAT = "dwarf-with-dsym";
				ENABLE_NS_ASSERTIONS = NO;
				ENABLE_STRICT_OBJC_MSGSEND = YES;
				GCC_C_LANGUAGE_STANDARD = gnu11;
				GCC_NO_COMMON_BLOCKS = YES;
				GCC_WARN_64_TO_32_BIT_CONVERSION = YES;
				GCC_WARN_ABOUT_RETURN_TYPE = YES_ERROR;
				GCC_WARN_UNDECLARED_SELECTOR = YES;
				GCC_WARN_UNINITIALIZED_AUTOS = YES_AGGRESSIVE;
				GCC_WARN_UNUSED_FUNCTION = YES;
				GCC_WARN_UNUSED_VARIABLE = YES;
				IPHONEOS_DEPLOYMENT_TARGET = 11.3;
				MTL_ENABLE_DEBUG_INFO = NO;
				SDKROOT = iphoneos;
				SWIFT_COMPILATION_MODE = wholemodule;
				SWIFT_OPTIMIZATION_LEVEL = "-O";
				VALIDATE_PRODUCT = YES;
			};
			name = Release;
		};
		53F37DDE207BBC4B0038D0FC /* Debug */ = {
			isa = XCBuildConfiguration;
			buildSettings = {
				ASSETCATALOG_COMPILER_APPICON_NAME = AppIcon;
				CODE_SIGN_STYLE = Automatic;
				DEVELOPMENT_TEAM = LCC2J94N44;
				INFOPLIST_FILE = "Challenge8-3/Info.plist";
				LD_RUNPATH_SEARCH_PATHS = (
					"$(inherited)",
					"@executable_path/Frameworks",
				);
				PRODUCT_BUNDLE_IDENTIFIER = "com.useyourloaf.Challenge8-3";
				PRODUCT_NAME = "$(TARGET_NAME)";
				SWIFT_VERSION = 5.0;
				TARGETED_DEVICE_FAMILY = "1,2";
			};
			name = Debug;
		};
		53F37DDF207BBC4B0038D0FC /* Release */ = {
			isa = XCBuildConfiguration;
			buildSettings = {
				ASSETCATALOG_COMPILER_APPICON_NAME = AppIcon;
				CODE_SIGN_STYLE = Automatic;
				DEVELOPMENT_TEAM = LCC2J94N44;
				INFOPLIST_FILE = "Challenge8-3/Info.plist";
				LD_RUNPATH_SEARCH_PATHS = (
					"$(inherited)",
					"@executable_path/Frameworks",
				);
				PRODUCT_BUNDLE_IDENTIFIER = "com.useyourloaf.Challenge8-3";
				PRODUCT_NAME = "$(TARGET_NAME)";
				SWIFT_VERSION = 5.0;
				TARGETED_DEVICE_FAMILY = "1,2";
			};
			name = Release;
		};
/* End XCBuildConfiguration section */

/* Begin XCConfigurationList section */
		53F37DC6207BBC4A0038D0FC /* Build configuration list for PBXProject "Challenge8-3" */ = {
			isa = XCConfigurationList;
			buildConfigurations = (
				53F37DDB207BBC4B0038D0FC /* Debug */,
				53F37DDC207BBC4B0038D0FC /* Release */,
			);
			defaultConfigurationIsVisible = 0;
			defaultConfigurationName = Release;
		};
		53F37DDD207BBC4B0038D0FC /* Build configuration list for PBXNativeTarget "Challenge8-3" */ = {
			isa = XCConfigurationList;
			buildConfigurations = (
				53F37DDE207BBC4B0038D0FC /* Debug */,
				53F37DDF207BBC4B0038D0FC /* Release */,
			);
			defaultConfigurationIsVisible = 0;
			defaultConfigurationName = Release;
		};
/* End XCConfigurationList section */
	};
	rootObject = 53F37DC3207BBC4A0038D0FC /* Project object */;
}
