// !$*UTF8*$!
{
	archiveVersion = 1;
	classes = {
	};
	objectVersion = 50;
	objects = {

/* Begin PBXBuildFile section */
		53A1C21720BD4C0600A29BB6 /* AppDelegate.swift in Sources */ = {isa = PBXBuildFile; fileRef = 53A1C21620BD4C0600A29BB6 /* AppDelegate.swift */; };
		53A1C21920BD4C0600A29BB6 /* RootViewController.swift in Sources */ = {isa = PBXBuildFile; fileRef = 53A1C21820BD4C0600A29BB6 /* RootViewController.swift */; };
		53A1C21B20BD4C0700A29BB6 /* Assets.xcassets in Resources */ = {isa = PBXBuildFile; fileRef = 53A1C21A20BD4C0700A29BB6 /* Assets.xcassets */; };
		53A1C21E20BD4C0700A29BB6 /* LaunchScreen.storyboard in Resources */ = {isa = PBXBuildFile; fileRef = 53A1C21C20BD4C0700A29BB6 /* LaunchScreen.storyboard */; };
		53A1C22620BD4C3800A29BB6 /* PanicView.swift in Sources */ = {isa = PBXBuildFile; fileRef = 53A1C22520BD4C3800A29BB6 /* PanicView.swift */; };
/* End PBXBuildFile section */

/* Begin PBXFileReference section */
		53A1C21320BD4C0600A29BB6 /* Challenge10-2.app */ = {isa = PBXFileReference; explicitFileType = wrapper.application; includeInIndex = 0; path = "Challenge10-2.app"; sourceTree = BUILT_PRODUCTS_DIR; };
		53A1C21620BD4C0600A29BB6 /* AppDelegate.swift */ = {isa = PBXFileReference; lastKnownFileType = sourcecode.swift; path = AppDelegate.swift; sourceTree = "<group>"; };
		53A1C21820BD4C0600A29BB6 /* RootViewController.swift */ = {isa = PBXFileReference; lastKnownFileType = sourcecode.swift; path = RootViewController.swift; sourceTree = "<group>"; };
		53A1C21A20BD4C0700A29BB6 /* Assets.xcassets */ = {isa = PBXFileReference; lastKnownFileType = folder.assetcatalog; path = Assets.xcassets; sourceTree = "<group>"; };
		53A1C21D20BD4C0700A29BB6 /* Base */ = {isa = PBXFileReference; lastKnownFileType = file.storyboard; name = Base; path = Base.lproj/LaunchScreen.storyboard; sourceTree = "<group>"; };
		53A1C21F20BD4C0700A29BB6 /* Info.plist */ = {isa = PBXFileReference; lastKnownFileType = text.plist.xml; path = Info.plist; sourceTree = "<group>"; };
		53A1C22520BD4C3800A29BB6 /* PanicView.swift */ = {isa = PBXFileReference; lastKnownFileType = sourcecode.swift; path = PanicView.swift; sourceTree = "<group>"; };
/* End PBXFileReference section */

/* Begin PBXFrameworksBuildPhase section */
		53A1C21020BD4C0600A29BB6 /* Frameworks */ = {
			isa = PBXFrameworksBuildPhase;
			buildActionMask = 2147483647;
			files = (
			);
			runOnlyForDeploymentPostprocessing = 0;
		};
/* End PBXFrameworksBuildPhase section */

/* Begin PBXGroup section */
		53A1C20A20BD4C0600A29BB6 = {
			isa = PBXGroup;
			children = (
				53A1C21520BD4C0600A29BB6 /* Challenge10-2 */,
				53A1C21420BD4C0600A29BB6 /* Products */,
			);
			sourceTree = "<group>";
		};
		53A1C21420BD4C0600A29BB6 /* Products */ = {
			isa = PBXGroup;
			children = (
				53A1C21320BD4C0600A29BB6 /* Challenge10-2.app */,
			);
			name = Products;
			sourceTree = "<group>";
		};
		53A1C21520BD4C0600A29BB6 /* Challenge10-2 */ = {
			isa = PBXGroup;
			children = (
				53A1C21620BD4C0600A29BB6 /* AppDelegate.swift */,
				53A1C21820BD4C0600A29BB6 /* RootViewController.swift */,
				53A1C22520BD4C3800A29BB6 /* PanicView.swift */,
				53A1C21A20BD4C0700A29BB6 /* Assets.xcassets */,
				53A1C21C20BD4C0700A29BB6 /* LaunchScreen.storyboard */,
				53A1C21F20BD4C0700A29BB6 /* Info.plist */,
			);
			path = "Challenge10-2";
			sourceTree = "<group>";
		};
/* End PBXGroup section */

/* Begin PBXNativeTarget section */
		53A1C21220BD4C0600A29BB6 /* Challenge10-2 */ = {
			isa = PBXNativeTarget;
			buildConfigurationList = 53A1C22220BD4C0700A29BB6 /* Build configuration list for PBXNativeTarget "Challenge10-2" */;
			buildPhases = (
				53A1C20F20BD4C0600A29BB6 /* Sources */,
				53A1C21020BD4C0600A29BB6 /* Frameworks */,
				53A1C21120BD4C0600A29BB6 /* Resources */,
			);
			buildRules = (
			);
			dependencies = (
			);
			name = "Challenge10-2";
			productName = "Challenge10-2";
			productReference = 53A1C21320BD4C0600A29BB6 /* Challenge10-2.app */;
			productType = "com.apple.product-type.application";
		};
/* End PBXNativeTarget section */

/* Begin PBXProject section */
		53A1C20B20BD4C0600A29BB6 /* Project object */ = {
			isa = PBXProject;
			attributes = {
				LastSwiftUpdateCheck = 0930;
				LastUpgradeCheck = 0930;
				ORGANIZATIONNAME = "Keith Harrison";
				TargetAttributes = {
					53A1C21220BD4C0600A29BB6 = {
						CreatedOnToolsVersion = 9.3.1;
						LastSwiftMigration = 1000;
					};
				};
			};
			buildConfigurationList = 53A1C20E20BD4C0600A29BB6 /* Build configuration list for PBXProject "Challenge10-2" */;
			compatibilityVersion = "Xcode 9.3";
			developmentRegion = en;
			hasScannedForEncodings = 0;
			knownRegions = (
				en,
				Base,
			);
			mainGroup = 53A1C20A20BD4C0600A29BB6;
			productRefGroup = 53A1C21420BD4C0600A29BB6 /* Products */;
			projectDirPath = "";
			projectRoot = "";
			targets = (
				53A1C21220BD4C0600A29BB6 /* Challenge10-2 */,
			);
		};
/* End PBXProject section */

/* Begin PBXResourcesBuildPhase section */
		53A1C21120BD4C0600A29BB6 /* Resources */ = {
			isa = PBXResourcesBuildPhase;
			buildActionMask = 2147483647;
			files = (
				53A1C21B20BD4C0700A29BB6 /* Assets.xcassets in Resources */,
				53A1C21E20BD4C0700A29BB6 /* LaunchScreen.storyboard in Resources */,
			);
			runOnlyForDeploymentPostprocessing = 0;
		};
/* End PBXResourcesBuildPhase section */

/* Begin PBXSourcesBuildPhase section */
		53A1C20F20BD4C0600A29BB6 /* Sources */ = {
			isa = PBXSourcesBuildPhase;
			buildActionMask = 2147483647;
			files = (
				53A1C21920BD4C0600A29BB6 /* RootViewController.swift in Sources */,
				53A1C22620BD4C3800A29BB6 /* PanicView.swift in Sources */,
				53A1C21720BD4C0600A29BB6 /* AppDelegate.swift in Sources */,
			);
			runOnlyForDeploymentPostprocessing = 0;
		};
/* End PBXSourcesBuildPhase section */

/* Begin PBXVariantGroup section */
		53A1C21C20BD4C0700A29BB6 /* LaunchScreen.storyboard */ = {
			isa = PBXVariantGroup;
			children = (
				53A1C21D20BD4C0700A29BB6 /* Base */,
			);
			name = LaunchScreen.storyboard;
			sourceTree = "<group>";
		};
/* End PBXVariantGroup section */

/* Begin XCBuildConfiguration section */
		53A1C22020BD4C0700A29BB6 /* Debug */ = {
			isa = XCBuildConfiguration;
			buildSettings = {
				ALWAYS_SEARCH_USER_PATHS = NO;
				CLANG_ANALYZER_NONNULL = YES;
				CLANG_ANALYZER_NUMBER_OBJECT_CONVERSION = YES_AGGRESSIVE;
				CLANG_CXX_LANGUAGE_STANDARD = "gnu++14";
				CLANG_CXX_LIBRARY = "libc++";
				CLANG_ENABLE_MODULES = YES;
				CLANG_ENABLE_OBJC_ARC = YES;
				CLANG_ENABLE_OBJC_WEAK = YES;
				CLANG_WARN_BLOCK_CAPTURE_AUTORELEASING = YES;
				CLANG_WARN_BOOL_CONVERSION = YES;
				CLANG_WARN_COMMA = YES;
				CLANG_WARN_CONSTANT_CONVERSION = YES;
				CLANG_WARN_DEPRECATED_OBJC_IMPLEMENTATIONS = YES;
				CLANG_WARN_DIRECT_OBJC_ISA_USAGE = YES_ERROR;
				CLANG_WARN_DOCUMENTATION_COMMENTS = YES;
				CLANG_WARN_EMPTY_BODY = YES;
				CLANG_WARN_ENUM_CONVERSION = YES;
				CLANG_WARN_INFINITE_RECURSION = YES;
				CLANG_WARN_INT_CONVERSION = YES;
				CLANG_WARN_NON_LITERAL_NULL_CONVERSION = YES;
				CLANG_WARN_OBJC_IMPLICIT_RETAIN_SELF = YES;
				CLANG_WARN_OBJC_LITERAL_CONVERSION = YES;
				CLANG_WARN_OBJC_ROOT_CLASS = YES_ERROR;
				CLANG_WARN_RANGE_LOOP_ANALYSIS = YES;
				CLANG_WARN_STRICT_PROTOTYPES = YES;
				CLANG_WARN_SUSPICIOUS_MOVE = YES;
				CLANG_WARN_UNGUARDED_AVAILABILITY = YES_AGGRESSIVE;
				CLANG_WARN_UNREACHABLE_CODE = YES;
				CLANG_WARN__DUPLICATE_METHOD_MATCH = YES;
				CODE_SIGN_IDENTITY = "iPhone Developer";
				COPY_PHASE_STRIP = NO;
				DEBUG_INFORMATION_FORMAT = dwarf;
				ENABLE_STRICT_OBJC_MSGSEND = YES;
				ENABLE_TESTABILITY = YES;
				GCC_C_LANGUAGE_STANDARD = gnu11;
				GCC_DYNAMIC_NO_PIC = NO;
				GCC_NO_COMMON_BLOCKS = YES;
				GCC_OPTIMIZATION_LEVEL = 0;
				GCC_PREPROCESSOR_DEFINITIONS = (
					"DEBUG=1",
					"$(inherited)",
				);
				GCC_WARN_64_TO_32_BIT_CONVERSION = YES;
				GCC_WARN_ABOUT_RETURN_TYPE = YES_ERROR;
				GCC_WARN_UNDECLARED_SELECTOR = YES;
				GCC_WARN_UNINITIALIZED_AUTOS = YES_AGGRESSIVE;
				GCC_WARN_UNUSED_FUNCTION = YES;
				GCC_WARN_UNUSED_VARIABLE = YES;
				IPHONEOS_DEPLOYMENT_TARGET = 11.3;
				MTL_ENABLE_DEBUG_INFO = YES;
				ONLY_ACTIVE_ARCH = YES;
				SDKROOT = iphoneos;
				SWIFT_ACTIVE_COMPILATION_CONDITIONS = DEBUG;
				SWIFT_OPTIMIZATION_LEVEL = "-Onone";
			};
			name = Debug;
		};
		53A1C22120BD4C0700A29BB6 /* Release */ = {
			isa = XCBuildConfiguration;
			buildSettings = {
				ALWAYS_SEARCH_USER_PATHS = NO;
				CLANG_ANALYZER_NONNULL = YES;
				CLANG_ANALYZER_NUMBER_OBJECT_CONVERSION = YES_AGGRESSIVE;
				CLANG_CXX_LANGUAGE_STANDARD = "gnu++14";
				CLANG_CXX_LIBRARY = "libc++";
				CLANG_ENABLE_MODULES = YES;
				CLANG_ENABLE_OBJC_ARC = YES;
				CLANG_ENABLE_OBJC_WEAK = YES;
				CLANG_WARN_BLOCK_CAPTURE_AUTORELEASING = YES;
				CLANG_WARN_BOOL_CONVERSION = YES;
				CLANG_WARN_COMMA = YES;
				CLANG_WARN_CONSTANT_CONVERSION = YES;
				CLANG_WARN_DEPRECATED_OBJC_IMPLEMENTATIONS = YES;
				CLANG_WARN_DIRECT_OBJC_ISA_USAGE = YES_ERROR;
				CLANG_WARN_DOCUMENTATION_COMMENTS = YES;
				CLANG_WARN_EMPTY_BODY = YES;
				CLANG_WARN_ENUM_CONVERSION = YES;
				CLANG_WARN_INFINITE_RECURSION = YES;
				CLANG_WARN_INT_CONVERSION = YES;
				CLANG_WARN_NON_LITERAL_NULL_CONVERSION = YES;
				CLANG_WARN_OBJC_IMPLICIT_RETAIN_SELF = YES;
				CLANG_WARN_OBJC_LITERAL_CONVERSION = YES;
				CLANG_WARN_OBJC_ROOT_CLASS = YES_ERROR;
				CLANG_WARN_RANGE_LOOP_ANALYSIS = YES;
				CLANG_WARN_STRICT_PROTOTYPES = YES;
				CLANG_WARN_SUSPICIOUS_MOVE = YES;
				CLANG_WARN_UNGUARDED_AVAILABILITY = YES_AGGRESSIVE;
				CLANG_WARN_UNREACHABLE_CODE = YES;
				CLANG_WARN__DUPLICATE_METHOD_MATCH = YES;
				CODE_SIGN_IDENTITY = "iPhone Developer";
				COPY_PHASE_STRIP = NO;
				DEBUG_INFORMATION_FORMAT = "dwarf-with-dsym";
				ENABLE_NS_ASSERTIONS = NO;
				ENABLE_STRICT_OBJC_MSGSEND = YES;
				GCC_C_LANGUAGE_STANDARD = gnu11;
				GCC_NO_COMMON_BLOCKS = YES;
				GCC_WARN_64_TO_32_BIT_CONVERSION = YES;
				GCC_WARN_ABOUT_RETURN_TYPE = YES_ERROR;
				GCC_WARN_UNDECLARED_SELECTOR = YES;
				GCC_WARN_UNINITIALIZED_AUTOS = YES_AGGRESSIVE;
				GCC_WARN_UNUSED_FUNCTION = YES;
				GCC_WARN_UNUSED_VARIABLE = YES;
				IPHONEOS_DEPLOYMENT_TARGET = 11.3;
				MTL_ENABLE_DEBUG_INFO = NO;
				SDKROOT = iphoneos;
				SWIFT_COMPILATION_MODE = wholemodule;
				SWIFT_OPTIMIZATION_LEVEL = "-O";
				VALIDATE_PRODUCT = YES;
			};
			name = Release;
		};
		53A1C22320BD4C0700A29BB6 /* Debug */ = {
			isa = XCBuildConfiguration;
			buildSettings = {
				ASSETCATALOG_COMPILER_APPICON_NAME = AppIcon;
				CODE_SIGN_STYLE = Automatic;
				DEVELOPMENT_TEAM = LCC2J94N44;
				INFOPLIST_FILE = "Challenge10-2/Info.plist";
				LD_RUNPATH_SEARCH_PATHS = (
					"$(inherited)",
					"@executable_path/Frameworks",
				);
				PRODUCT_BUNDLE_IDENTIFIER = "com.useyourloaf.Challenge10-2";
				PRODUCT_NAME = "$(TARGET_NAME)";
				SWIFT_VERSION = 4.2;
				TARGETED_DEVICE_FAMILY = "1,2";
			};
			name = Debug;
		};
		53A1C22420BD4C0700A29BB6 /* Release */ = {
			isa = XCBuildConfiguration;
			buildSettings = {
				ASSETCATALOG_COMPILER_APPICON_NAME = AppIcon;
				CODE_SIGN_STYLE = Automatic;
				DEVELOPMENT_TEAM = LCC2J94N44;
				INFOPLIST_FILE = "Challenge10-2/Info.plist";
				LD_RUNPATH_SEARCH_PATHS = (
					"$(inherited)",
					"@executable_path/Frameworks",
				);
				PRODUCT_BUNDLE_IDENTIFIER = "com.useyourloaf.Challenge10-2";
				PRODUCT_NAME = "$(TARGET_NAME)";
				SWIFT_VERSION = 4.2;
				TARGETED_DEVICE_FAMILY = "1,2";
			};
			name = Release;
		};
/* End XCBuildConfiguration section */

/* Begin XCConfigurationList section */
		53A1C20E20BD4C0600A29BB6 /* Build configuration list for PBXProject "Challenge10-2" */ = {
			isa = XCConfigurationList;
			buildConfigurations = (
				53A1C22020BD4C0700A29BB6 /* Debug */,
				53A1C22120BD4C0700A29BB6 /* Release */,
			);
			defaultConfigurationIsVisible = 0;
			defaultConfigurationName = Release;
		};
		53A1C22220BD4C0700A29BB6 /* Build configuration list for PBXNativeTarget "Challenge10-2" */ = {
			isa = XCConfigurationList;
			buildConfigurations = (
				53A1C22320BD4C0700A29BB6 /* Debug */,
				53A1C22420BD4C0700A29BB6 /* Release */,
			);
			defaultConfigurationIsVisible = 0;
			defaultConfigurationName = Release;
		};
/* End XCConfigurationList section */
	};
	rootObject = 53A1C20B20BD4C0600A29BB6 /* Project object */;
}
